// !$*UTF8*$!
{
	archiveVersion = 1;
	classes = {
	};
	objectVersion = 56;
	objects = {

/* Begin PBXBuildFile section */
		43B414682C47C40700860FAA /* Flower_iOSApp.swift in Sources */ = {isa = PBXBuildFile; fileRef = 43B414672C47C40700860FAA /* Flower_iOSApp.swift */; };
		43B4146C2C47C40700860FAA /* Assets.xcassets in Resources */ = {isa = PBXBuildFile; fileRef = 43B4146B2C47C40700860FAA /* Assets.xcassets */; };
		43B414702C47C40700860FAA /* Preview Assets.xcassets in Resources */ = {isa = PBXBuildFile; fileRef = 43B4146F2C47C40700860FAA /* Preview Assets.xcassets */; };
		43B4147A2C47C40700860FAA /* Flower_iOSTests.swift in Sources */ = {isa = PBXBuildFile; fileRef = 43B414792C47C40700860FAA /* Flower_iOSTests.swift */; };
		43B414842C47C40700860FAA /* Flower_iOSUITests.swift in Sources */ = {isa = PBXBuildFile; fileRef = 43B414832C47C40700860FAA /* Flower_iOSUITests.swift */; };
		43B414862C47C40700860FAA /* Flower_iOSUITestsLaunchTests.swift in Sources */ = {isa = PBXBuildFile; fileRef = 43B414852C47C40700860FAA /* Flower_iOSUITestsLaunchTests.swift */; };
		43B414962C47C43400860FAA /* OnboardingView.swift in Sources */ = {isa = PBXBuildFile; fileRef = 43B414952C47C43400860FAA /* OnboardingView.swift */; };
		43BE535D2C47CD9200118B9A /* FlowKit in Frameworks */ = {isa = PBXBuildFile; productRef = 43BE535C2C47CD9200118B9A /* FlowKit */; };
		43BE535F2C47CE0B00118B9A /* MainView.swift in Sources */ = {isa = PBXBuildFile; fileRef = 43BE535E2C47CE0B00118B9A /* MainView.swift */; };
		43BE53622C47D1E800118B9A /* LargeButton.swift in Sources */ = {isa = PBXBuildFile; fileRef = 43BE53612C47D1E800118B9A /* LargeButton.swift */; };
		43BE53652C47D3CF00118B9A /* Yeongdeok-Blueroad.otf in Resources */ = {isa = PBXBuildFile; fileRef = 43BE53642C47D3CF00118B9A /* Yeongdeok-Blueroad.otf */; };
		43BE53672C47D3F200118B9A /* CustomFont.swift in Sources */ = {isa = PBXBuildFile; fileRef = 43BE53662C47D3F200118B9A /* CustomFont.swift */; };
		43BE536B2C47D52200118B9A /* TopNavView.swift in Sources */ = {isa = PBXBuildFile; fileRef = 43BE536A2C47D52200118B9A /* TopNavView.swift */; };
		43BE536D2C47D6C100118B9A /* LoginView.swift in Sources */ = {isa = PBXBuildFile; fileRef = 43BE536C2C47D6C100118B9A /* LoginView.swift */; };
		43BE536F2C47DBC700118B9A /* FlowExtensions.swift in Sources */ = {isa = PBXBuildFile; fileRef = 43BE536E2C47DBC700118B9A /* FlowExtensions.swift */; };
		43BE53712C47DDF000118B9A /* HomeView.swift in Sources */ = {isa = PBXBuildFile; fileRef = 43BE53702C47DDF000118B9A /* HomeView.swift */; };
		43BE53732C47DE0800118B9A /* MainTopView.swift in Sources */ = {isa = PBXBuildFile; fileRef = 43BE53722C47DE0800118B9A /* MainTopView.swift */; };
		43BE53762C47E42B00118B9A /* HomeCardView.swift in Sources */ = {isa = PBXBuildFile; fileRef = 43BE53752C47E42B00118B9A /* HomeCardView.swift */; };
		43BE53792C47E85900118B9A /* Company.swift in Sources */ = {isa = PBXBuildFile; fileRef = 43BE53782C47E85900118B9A /* Company.swift */; };
		43BE537B2C47EE6C00118B9A /* Goods.swift in Sources */ = {isa = PBXBuildFile; fileRef = 43BE537A2C47EE6C00118B9A /* Goods.swift */; };
		43BE537D2C47F09600118B9A /* GoodsItem.swift in Sources */ = {isa = PBXBuildFile; fileRef = 43BE537C2C47F09600118B9A /* GoodsItem.swift */; };
/* End PBXBuildFile section */

/* Begin PBXContainerItemProxy section */
		43B414762C47C40700860FAA /* PBXContainerItemProxy */ = {
			isa = PBXContainerItemProxy;
			containerPortal = 43B4145C2C47C40700860FAA /* Project object */;
			proxyType = 1;
			remoteGlobalIDString = 43B414632C47C40700860FAA;
			remoteInfo = "Flower-iOS";
		};
		43B414802C47C40700860FAA /* PBXContainerItemProxy */ = {
			isa = PBXContainerItemProxy;
			containerPortal = 43B4145C2C47C40700860FAA /* Project object */;
			proxyType = 1;
			remoteGlobalIDString = 43B414632C47C40700860FAA;
			remoteInfo = "Flower-iOS";
		};
/* End PBXContainerItemProxy section */

/* Begin PBXFileReference section */
		43B414642C47C40700860FAA /* Flower-iOS.app */ = {isa = PBXFileReference; explicitFileType = wrapper.application; includeInIndex = 0; path = "Flower-iOS.app"; sourceTree = BUILT_PRODUCTS_DIR; };
		43B414672C47C40700860FAA /* Flower_iOSApp.swift */ = {isa = PBXFileReference; lastKnownFileType = sourcecode.swift; path = Flower_iOSApp.swift; sourceTree = "<group>"; };
		43B4146B2C47C40700860FAA /* Assets.xcassets */ = {isa = PBXFileReference; lastKnownFileType = folder.assetcatalog; path = Assets.xcassets; sourceTree = "<group>"; };
		43B4146D2C47C40700860FAA /* Flower_iOS.entitlements */ = {isa = PBXFileReference; lastKnownFileType = text.plist.entitlements; path = Flower_iOS.entitlements; sourceTree = "<group>"; };
		43B4146F2C47C40700860FAA /* Preview Assets.xcassets */ = {isa = PBXFileReference; lastKnownFileType = folder.assetcatalog; path = "Preview Assets.xcassets"; sourceTree = "<group>"; };
		43B414752C47C40700860FAA /* Flower-iOSTests.xctest */ = {isa = PBXFileReference; explicitFileType = wrapper.cfbundle; includeInIndex = 0; path = "Flower-iOSTests.xctest"; sourceTree = BUILT_PRODUCTS_DIR; };
		43B414792C47C40700860FAA /* Flower_iOSTests.swift */ = {isa = PBXFileReference; lastKnownFileType = sourcecode.swift; path = Flower_iOSTests.swift; sourceTree = "<group>"; };
		43B4147F2C47C40700860FAA /* Flower-iOSUITests.xctest */ = {isa = PBXFileReference; explicitFileType = wrapper.cfbundle; includeInIndex = 0; path = "Flower-iOSUITests.xctest"; sourceTree = BUILT_PRODUCTS_DIR; };
		43B414832C47C40700860FAA /* Flower_iOSUITests.swift */ = {isa = PBXFileReference; lastKnownFileType = sourcecode.swift; path = Flower_iOSUITests.swift; sourceTree = "<group>"; };
		43B414852C47C40700860FAA /* Flower_iOSUITestsLaunchTests.swift */ = {isa = PBXFileReference; lastKnownFileType = sourcecode.swift; path = Flower_iOSUITestsLaunchTests.swift; sourceTree = "<group>"; };
		43B414952C47C43400860FAA /* OnboardingView.swift */ = {isa = PBXFileReference; lastKnownFileType = sourcecode.swift; path = OnboardingView.swift; sourceTree = "<group>"; };
		43BE535E2C47CE0B00118B9A /* MainView.swift */ = {isa = PBXFileReference; lastKnownFileType = sourcecode.swift; path = MainView.swift; sourceTree = "<group>"; };
		43BE53612C47D1E800118B9A /* LargeButton.swift */ = {isa = PBXFileReference; lastKnownFileType = sourcecode.swift; path = LargeButton.swift; sourceTree = "<group>"; };
		43BE53632C47D3BA00118B9A /* Info.plist */ = {isa = PBXFileReference; lastKnownFileType = text.plist; path = Info.plist; sourceTree = "<group>"; };
		43BE53642C47D3CF00118B9A /* Yeongdeok-Blueroad.otf */ = {isa = PBXFileReference; lastKnownFileType = file; path = "Yeongdeok-Blueroad.otf"; sourceTree = "<group>"; };
		43BE53662C47D3F200118B9A /* CustomFont.swift */ = {isa = PBXFileReference; lastKnownFileType = sourcecode.swift; path = CustomFont.swift; sourceTree = "<group>"; };
		43BE536A2C47D52200118B9A /* TopNavView.swift */ = {isa = PBXFileReference; lastKnownFileType = sourcecode.swift; path = TopNavView.swift; sourceTree = "<group>"; };
		43BE536C2C47D6C100118B9A /* LoginView.swift */ = {isa = PBXFileReference; lastKnownFileType = sourcecode.swift; path = LoginView.swift; sourceTree = "<group>"; };
		43BE536E2C47DBC700118B9A /* FlowExtensions.swift */ = {isa = PBXFileReference; lastKnownFileType = sourcecode.swift; path = FlowExtensions.swift; sourceTree = "<group>"; };
		43BE53702C47DDF000118B9A /* HomeView.swift */ = {isa = PBXFileReference; lastKnownFileType = sourcecode.swift; path = HomeView.swift; sourceTree = "<group>"; };
		43BE53722C47DE0800118B9A /* MainTopView.swift */ = {isa = PBXFileReference; lastKnownFileType = sourcecode.swift; path = MainTopView.swift; sourceTree = "<group>"; };
		43BE53752C47E42B00118B9A /* HomeCardView.swift */ = {isa = PBXFileReference; lastKnownFileType = sourcecode.swift; path = HomeCardView.swift; sourceTree = "<group>"; };
		43BE53782C47E85900118B9A /* Company.swift */ = {isa = PBXFileReference; lastKnownFileType = sourcecode.swift; path = Company.swift; sourceTree = "<group>"; };
		43BE537A2C47EE6C00118B9A /* Goods.swift */ = {isa = PBXFileReference; lastKnownFileType = sourcecode.swift; path = Goods.swift; sourceTree = "<group>"; };
		43BE537C2C47F09600118B9A /* GoodsItem.swift */ = {isa = PBXFileReference; lastKnownFileType = sourcecode.swift; path = GoodsItem.swift; sourceTree = "<group>"; };
/* End PBXFileReference section */

/* Begin PBXFrameworksBuildPhase section */
		43B414612C47C40700860FAA /* Frameworks */ = {
			isa = PBXFrameworksBuildPhase;
			buildActionMask = 2147483647;
			files = (
				43BE535D2C47CD9200118B9A /* FlowKit in Frameworks */,
			);
			runOnlyForDeploymentPostprocessing = 0;
		};
		43B414722C47C40700860FAA /* Frameworks */ = {
			isa = PBXFrameworksBuildPhase;
			buildActionMask = 2147483647;
			files = (
			);
			runOnlyForDeploymentPostprocessing = 0;
		};
		43B4147C2C47C40700860FAA /* Frameworks */ = {
			isa = PBXFrameworksBuildPhase;
			buildActionMask = 2147483647;
			files = (
			);
			runOnlyForDeploymentPostprocessing = 0;
		};
/* End PBXFrameworksBuildPhase section */

/* Begin PBXGroup section */
		43B4145B2C47C40700860FAA = {
			isa = PBXGroup;
			children = (
				43B414662C47C40700860FAA /* Flower-iOS */,
				43B414782C47C40700860FAA /* Flower-iOSTests */,
				43B414822C47C40700860FAA /* Flower-iOSUITests */,
				43B414652C47C40700860FAA /* Products */,
			);
			sourceTree = "<group>";
		};
		43B414652C47C40700860FAA /* Products */ = {
			isa = PBXGroup;
			children = (
				43B414642C47C40700860FAA /* Flower-iOS.app */,
				43B414752C47C40700860FAA /* Flower-iOSTests.xctest */,
				43B4147F2C47C40700860FAA /* Flower-iOSUITests.xctest */,
			);
			name = Products;
			sourceTree = "<group>";
		};
		43B414662C47C40700860FAA /* Flower-iOS */ = {
			isa = PBXGroup;
			children = (
				43BE53772C47E82800118B9A /* Model */,
				43BE53642C47D3CF00118B9A /* Yeongdeok-Blueroad.otf */,
				43BE53632C47D3BA00118B9A /* Info.plist */,
				43B414922C47C40F00860FAA /* Ui */,
				43B414672C47C40700860FAA /* Flower_iOSApp.swift */,
				43B4146B2C47C40700860FAA /* Assets.xcassets */,
				43B4146D2C47C40700860FAA /* Flower_iOS.entitlements */,
				43B4146E2C47C40700860FAA /* Preview Content */,
			);
			path = "Flower-iOS";
			sourceTree = "<group>";
		};
		43B4146E2C47C40700860FAA /* Preview Content */ = {
			isa = PBXGroup;
			children = (
				43B4146F2C47C40700860FAA /* Preview Assets.xcassets */,
			);
			path = "Preview Content";
			sourceTree = "<group>";
		};
		43B414782C47C40700860FAA /* Flower-iOSTests */ = {
			isa = PBXGroup;
			children = (
				43B414792C47C40700860FAA /* Flower_iOSTests.swift */,
			);
			path = "Flower-iOSTests";
			sourceTree = "<group>";
		};
		43B414822C47C40700860FAA /* Flower-iOSUITests */ = {
			isa = PBXGroup;
			children = (
				43B414832C47C40700860FAA /* Flower_iOSUITests.swift */,
				43B414852C47C40700860FAA /* Flower_iOSUITestsLaunchTests.swift */,
			);
			path = "Flower-iOSUITests";
			sourceTree = "<group>";
		};
		43B414922C47C40F00860FAA /* Ui */ = {
			isa = PBXGroup;
			children = (
				43BE53602C47D1E300118B9A /* Component */,
				43B414942C47C41F00860FAA /* Main */,
				43B414932C47C41900860FAA /* Onboarding */,
			);
			path = Ui;
			sourceTree = "<group>";
		};
		43B414932C47C41900860FAA /* Onboarding */ = {
			isa = PBXGroup;
			children = (
				43B414952C47C43400860FAA /* OnboardingView.swift */,
				43BE536C2C47D6C100118B9A /* LoginView.swift */,
			);
			path = Onboarding;
			sourceTree = "<group>";
		};
		43B414942C47C41F00860FAA /* Main */ = {
			isa = PBXGroup;
			children = (
				43BE535E2C47CE0B00118B9A /* MainView.swift */,
				43BE53702C47DDF000118B9A /* HomeView.swift */,
			);
			path = Main;
			sourceTree = "<group>";
		};
		43BE53602C47D1E300118B9A /* Component */ = {
			isa = PBXGroup;
			children = (
				43BE53612C47D1E800118B9A /* LargeButton.swift */,
				43BE53662C47D3F200118B9A /* CustomFont.swift */,
				43BE536A2C47D52200118B9A /* TopNavView.swift */,
				43BE536E2C47DBC700118B9A /* FlowExtensions.swift */,
				43BE53722C47DE0800118B9A /* MainTopView.swift */,
				43BE53752C47E42B00118B9A /* HomeCardView.swift */,
				43BE537C2C47F09600118B9A /* GoodsItem.swift */,
			);
			path = Component;
			sourceTree = "<group>";
		};
		43BE53772C47E82800118B9A /* Model */ = {
			isa = PBXGroup;
			children = (
				43BE53782C47E85900118B9A /* Company.swift */,
				43BE537A2C47EE6C00118B9A /* Goods.swift */,
			);
			path = Model;
			sourceTree = "<group>";
		};
/* End PBXGroup section */

/* Begin PBXNativeTarget section */
		43B414632C47C40700860FAA /* Flower-iOS */ = {
			isa = PBXNativeTarget;
			buildConfigurationList = 43B414892C47C40700860FAA /* Build configuration list for PBXNativeTarget "Flower-iOS" */;
			buildPhases = (
				43B414602C47C40700860FAA /* Sources */,
				43B414612C47C40700860FAA /* Frameworks */,
				43B414622C47C40700860FAA /* Resources */,
			);
			buildRules = (
			);
			dependencies = (
			);
			name = "Flower-iOS";
			packageProductDependencies = (
				43BE535C2C47CD9200118B9A /* FlowKit */,
			);
			productName = "Flower-iOS";
			productReference = 43B414642C47C40700860FAA /* Flower-iOS.app */;
			productType = "com.apple.product-type.application";
		};
		43B414742C47C40700860FAA /* Flower-iOSTests */ = {
			isa = PBXNativeTarget;
			buildConfigurationList = 43B4148C2C47C40700860FAA /* Build configuration list for PBXNativeTarget "Flower-iOSTests" */;
			buildPhases = (
				43B414712C47C40700860FAA /* Sources */,
				43B414722C47C40700860FAA /* Frameworks */,
				43B414732C47C40700860FAA /* Resources */,
			);
			buildRules = (
			);
			dependencies = (
				43B414772C47C40700860FAA /* PBXTargetDependency */,
			);
			name = "Flower-iOSTests";
			productName = "Flower-iOSTests";
			productReference = 43B414752C47C40700860FAA /* Flower-iOSTests.xctest */;
			productType = "com.apple.product-type.bundle.unit-test";
		};
		43B4147E2C47C40700860FAA /* Flower-iOSUITests */ = {
			isa = PBXNativeTarget;
			buildConfigurationList = 43B4148F2C47C40700860FAA /* Build configuration list for PBXNativeTarget "Flower-iOSUITests" */;
			buildPhases = (
				43B4147B2C47C40700860FAA /* Sources */,
				43B4147C2C47C40700860FAA /* Frameworks */,
				43B4147D2C47C40700860FAA /* Resources */,
			);
			buildRules = (
			);
			dependencies = (
				43B414812C47C40700860FAA /* PBXTargetDependency */,
			);
			name = "Flower-iOSUITests";
			productName = "Flower-iOSUITests";
			productReference = 43B4147F2C47C40700860FAA /* Flower-iOSUITests.xctest */;
			productType = "com.apple.product-type.bundle.ui-testing";
		};
/* End PBXNativeTarget section */

/* Begin PBXProject section */
		43B4145C2C47C40700860FAA /* Project object */ = {
			isa = PBXProject;
			attributes = {
				BuildIndependentTargetsInParallel = 1;
				LastSwiftUpdateCheck = 1500;
				LastUpgradeCheck = 1500;
				TargetAttributes = {
					43B414632C47C40700860FAA = {
						CreatedOnToolsVersion = 15.0.1;
					};
					43B414742C47C40700860FAA = {
						CreatedOnToolsVersion = 15.0.1;
						TestTargetID = 43B414632C47C40700860FAA;
					};
					43B4147E2C47C40700860FAA = {
						CreatedOnToolsVersion = 15.0.1;
						TestTargetID = 43B414632C47C40700860FAA;
					};
				};
			};
			buildConfigurationList = 43B4145F2C47C40700860FAA /* Build configuration list for PBXProject "Flower-iOS" */;
			compatibilityVersion = "Xcode 14.0";
			developmentRegion = en;
			hasScannedForEncodings = 0;
			knownRegions = (
				en,
				Base,
			);
			mainGroup = 43B4145B2C47C40700860FAA;
			packageReferences = (
				43BE535B2C47CD9200118B9A /* XCRemoteSwiftPackageReference "FlowKit" */,
			);
			productRefGroup = 43B414652C47C40700860FAA /* Products */;
			projectDirPath = "";
			projectRoot = "";
			targets = (
				43B414632C47C40700860FAA /* Flower-iOS */,
				43B414742C47C40700860FAA /* Flower-iOSTests */,
				43B4147E2C47C40700860FAA /* Flower-iOSUITests */,
			);
		};
/* End PBXProject section */

/* Begin PBXResourcesBuildPhase section */
		43B414622C47C40700860FAA /* Resources */ = {
			isa = PBXResourcesBuildPhase;
			buildActionMask = 2147483647;
			files = (
				43B414702C47C40700860FAA /* Preview Assets.xcassets in Resources */,
				43B4146C2C47C40700860FAA /* Assets.xcassets in Resources */,
				43BE53652C47D3CF00118B9A /* Yeongdeok-Blueroad.otf in Resources */,
			);
			runOnlyForDeploymentPostprocessing = 0;
		};
		43B414732C47C40700860FAA /* Resources */ = {
			isa = PBXResourcesBuildPhase;
			buildActionMask = 2147483647;
			files = (
			);
			runOnlyForDeploymentPostprocessing = 0;
		};
		43B4147D2C47C40700860FAA /* Resources */ = {
			isa = PBXResourcesBuildPhase;
			buildActionMask = 2147483647;
			files = (
			);
			runOnlyForDeploymentPostprocessing = 0;
		};
/* End PBXResourcesBuildPhase section */

/* Begin PBXSourcesBuildPhase section */
		43B414602C47C40700860FAA /* Sources */ = {
			isa = PBXSourcesBuildPhase;
			buildActionMask = 2147483647;
			files = (
				43BE53712C47DDF000118B9A /* HomeView.swift in Sources */,
				43BE537D2C47F09600118B9A /* GoodsItem.swift in Sources */,
				43BE53672C47D3F200118B9A /* CustomFont.swift in Sources */,
				43BE536D2C47D6C100118B9A /* LoginView.swift in Sources */,
				43B414962C47C43400860FAA /* OnboardingView.swift in Sources */,
				43BE537B2C47EE6C00118B9A /* Goods.swift in Sources */,
				43BE536B2C47D52200118B9A /* TopNavView.swift in Sources */,
				43BE535F2C47CE0B00118B9A /* MainView.swift in Sources */,
				43B414682C47C40700860FAA /* Flower_iOSApp.swift in Sources */,
				43BE53622C47D1E800118B9A /* LargeButton.swift in Sources */,
				43BE53762C47E42B00118B9A /* HomeCardView.swift in Sources */,
				43BE536F2C47DBC700118B9A /* FlowExtensions.swift in Sources */,
				43BE53732C47DE0800118B9A /* MainTopView.swift in Sources */,
				43BE53792C47E85900118B9A /* Company.swift in Sources */,
			);
			runOnlyForDeploymentPostprocessing = 0;
		};
		43B414712C47C40700860FAA /* Sources */ = {
			isa = PBXSourcesBuildPhase;
			buildActionMask = 2147483647;
			files = (
				43B4147A2C47C40700860FAA /* Flower_iOSTests.swift in Sources */,
			);
			runOnlyForDeploymentPostprocessing = 0;
		};
		43B4147B2C47C40700860FAA /* Sources */ = {
			isa = PBXSourcesBuildPhase;
			buildActionMask = 2147483647;
			files = (
				43B414842C47C40700860FAA /* Flower_iOSUITests.swift in Sources */,
				43B414862C47C40700860FAA /* Flower_iOSUITestsLaunchTests.swift in Sources */,
			);
			runOnlyForDeploymentPostprocessing = 0;
		};
/* End PBXSourcesBuildPhase section */

/* Begin PBXTargetDependency section */
		43B414772C47C40700860FAA /* PBXTargetDependency */ = {
			isa = PBXTargetDependency;
			target = 43B414632C47C40700860FAA /* Flower-iOS */;
			targetProxy = 43B414762C47C40700860FAA /* PBXContainerItemProxy */;
		};
		43B414812C47C40700860FAA /* PBXTargetDependency */ = {
			isa = PBXTargetDependency;
			target = 43B414632C47C40700860FAA /* Flower-iOS */;
			targetProxy = 43B414802C47C40700860FAA /* PBXContainerItemProxy */;
		};
/* End PBXTargetDependency section */

/* Begin XCBuildConfiguration section */
		43B414872C47C40700860FAA /* Debug */ = {
			isa = XCBuildConfiguration;
			buildSettings = {
				ALWAYS_SEARCH_USER_PATHS = NO;
				ASSETCATALOG_COMPILER_GENERATE_SWIFT_ASSET_SYMBOL_EXTENSIONS = YES;
				CLANG_ANALYZER_NONNULL = YES;
				CLANG_ANALYZER_NUMBER_OBJECT_CONVERSION = YES_AGGRESSIVE;
				CLANG_CXX_LANGUAGE_STANDARD = "gnu++20";
				CLANG_ENABLE_MODULES = YES;
				CLANG_ENABLE_OBJC_ARC = YES;
				CLANG_ENABLE_OBJC_WEAK = YES;
				CLANG_WARN_BLOCK_CAPTURE_AUTORELEASING = YES;
				CLANG_WARN_BOOL_CONVERSION = YES;
				CLANG_WARN_COMMA = YES;
				CLANG_WARN_CONSTANT_CONVERSION = YES;
				CLANG_WARN_DEPRECATED_OBJC_IMPLEMENTATIONS = YES;
				CLANG_WARN_DIRECT_OBJC_ISA_USAGE = YES_ERROR;
				CLANG_WARN_DOCUMENTATION_COMMENTS = YES;
				CLANG_WARN_EMPTY_BODY = YES;
				CLANG_WARN_ENUM_CONVERSION = YES;
				CLANG_WARN_INFINITE_RECURSION = YES;
				CLANG_WARN_INT_CONVERSION = YES;
				CLANG_WARN_NON_LITERAL_NULL_CONVERSION = YES;
				CLANG_WARN_OBJC_IMPLICIT_RETAIN_SELF = YES;
				CLANG_WARN_OBJC_LITERAL_CONVERSION = YES;
				CLANG_WARN_OBJC_ROOT_CLASS = YES_ERROR;
				CLANG_WARN_QUOTED_INCLUDE_IN_FRAMEWORK_HEADER = YES;
				CLANG_WARN_RANGE_LOOP_ANALYSIS = YES;
				CLANG_WARN_STRICT_PROTOTYPES = YES;
				CLANG_WARN_SUSPICIOUS_MOVE = YES;
				CLANG_WARN_UNGUARDED_AVAILABILITY = YES_AGGRESSIVE;
				CLANG_WARN_UNREACHABLE_CODE = YES;
				CLANG_WARN__DUPLICATE_METHOD_MATCH = YES;
				COPY_PHASE_STRIP = NO;
				DEBUG_INFORMATION_FORMAT = dwarf;
				ENABLE_STRICT_OBJC_MSGSEND = YES;
				ENABLE_TESTABILITY = YES;
				ENABLE_USER_SCRIPT_SANDBOXING = YES;
				GCC_C_LANGUAGE_STANDARD = gnu17;
				GCC_DYNAMIC_NO_PIC = NO;
				GCC_NO_COMMON_BLOCKS = YES;
				GCC_OPTIMIZATION_LEVEL = 0;
				GCC_PREPROCESSOR_DEFINITIONS = (
					"DEBUG=1",
					"$(inherited)",
				);
				GCC_WARN_64_TO_32_BIT_CONVERSION = YES;
				GCC_WARN_ABOUT_RETURN_TYPE = YES_ERROR;
				GCC_WARN_UNDECLARED_SELECTOR = YES;
				GCC_WARN_UNINITIALIZED_AUTOS = YES_AGGRESSIVE;
				GCC_WARN_UNUSED_FUNCTION = YES;
				GCC_WARN_UNUSED_VARIABLE = YES;
				LOCALIZATION_PREFERS_STRING_CATALOGS = YES;
				MTL_ENABLE_DEBUG_INFO = INCLUDE_SOURCE;
				MTL_FAST_MATH = YES;
				ONLY_ACTIVE_ARCH = YES;
				SWIFT_ACTIVE_COMPILATION_CONDITIONS = "DEBUG $(inherited)";
				SWIFT_OPTIMIZATION_LEVEL = "-Onone";
			};
			name = Debug;
		};
		43B414882C47C40700860FAA /* Release */ = {
			isa = XCBuildConfiguration;
			buildSettings = {
				ALWAYS_SEARCH_USER_PATHS = NO;
				ASSETCATALOG_COMPILER_GENERATE_SWIFT_ASSET_SYMBOL_EXTENSIONS = YES;
				CLANG_ANALYZER_NONNULL = YES;
				CLANG_ANALYZER_NUMBER_OBJECT_CONVERSION = YES_AGGRESSIVE;
				CLANG_CXX_LANGUAGE_STANDARD = "gnu++20";
				CLANG_ENABLE_MODULES = YES;
				CLANG_ENABLE_OBJC_ARC = YES;
				CLANG_ENABLE_OBJC_WEAK = YES;
				CLANG_WARN_BLOCK_CAPTURE_AUTORELEASING = YES;
				CLANG_WARN_BOOL_CONVERSION = YES;
				CLANG_WARN_COMMA = YES;
				CLANG_WARN_CONSTANT_CONVERSION = YES;
				CLANG_WARN_DEPRECATED_OBJC_IMPLEMENTATIONS = YES;
				CLANG_WARN_DIRECT_OBJC_ISA_USAGE = YES_ERROR;
				CLANG_WARN_DOCUMENTATION_COMMENTS = YES;
				CLANG_WARN_EMPTY_BODY = YES;
				CLANG_WARN_ENUM_CONVERSION = YES;
				CLANG_WARN_INFINITE_RECURSION = YES;
				CLANG_WARN_INT_CONVERSION = YES;
				CLANG_WARN_NON_LITERAL_NULL_CONVERSION = YES;
				CLANG_WARN_OBJC_IMPLICIT_RETAIN_SELF = YES;
				CLANG_WARN_OBJC_LITERAL_CONVERSION = YES;
				CLANG_WARN_OBJC_ROOT_CLASS = YES_ERROR;
				CLANG_WARN_QUOTED_INCLUDE_IN_FRAMEWORK_HEADER = YES;
				CLANG_WARN_RANGE_LOOP_ANALYSIS = YES;
				CLANG_WARN_STRICT_PROTOTYPES = YES;
				CLANG_WARN_SUSPICIOUS_MOVE = YES;
				CLANG_WARN_UNGUARDED_AVAILABILITY = YES_AGGRESSIVE;
				CLANG_WARN_UNREACHABLE_CODE = YES;
				CLANG_WARN__DUPLICATE_METHOD_MATCH = YES;
				COPY_PHASE_STRIP = NO;
				DEBUG_INFORMATION_FORMAT = "dwarf-with-dsym";
				ENABLE_NS_ASSERTIONS = NO;
				ENABLE_STRICT_OBJC_MSGSEND = YES;
				ENABLE_USER_SCRIPT_SANDBOXING = YES;
				GCC_C_LANGUAGE_STANDARD = gnu17;
				GCC_NO_COMMON_BLOCKS = YES;
				GCC_WARN_64_TO_32_BIT_CONVERSION = YES;
				GCC_WARN_ABOUT_RETURN_TYPE = YES_ERROR;
				GCC_WARN_UNDECLARED_SELECTOR = YES;
				GCC_WARN_UNINITIALIZED_AUTOS = YES_AGGRESSIVE;
				GCC_WARN_UNUSED_FUNCTION = YES;
				GCC_WARN_UNUSED_VARIABLE = YES;
				LOCALIZATION_PREFERS_STRING_CATALOGS = YES;
				MTL_ENABLE_DEBUG_INFO = NO;
				MTL_FAST_MATH = YES;
				SWIFT_COMPILATION_MODE = wholemodule;
			};
			name = Release;
		};
		43B4148A2C47C40700860FAA /* Debug */ = {
			isa = XCBuildConfiguration;
			buildSettings = {
				ASSETCATALOG_COMPILER_APPICON_NAME = AppIcon;
				ASSETCATALOG_COMPILER_GLOBAL_ACCENT_COLOR_NAME = AccentColor;
				CODE_SIGN_ENTITLEMENTS = "Flower-iOS/Flower_iOS.entitlements";
				CODE_SIGN_STYLE = Automatic;
				CURRENT_PROJECT_VERSION = 1;
				DEVELOPMENT_ASSET_PATHS = "\"Flower-iOS/Preview Content\"";
				ENABLE_PREVIEWS = YES;
				GENERATE_INFOPLIST_FILE = YES;
				INFOPLIST_FILE = "Flower-iOS/Info.plist";
				"INFOPLIST_KEY_UIApplicationSceneManifest_Generation[sdk=iphoneos*]" = YES;
				"INFOPLIST_KEY_UIApplicationSceneManifest_Generation[sdk=iphonesimulator*]" = YES;
				"INFOPLIST_KEY_UIApplicationSupportsIndirectInputEvents[sdk=iphoneos*]" = YES;
				"INFOPLIST_KEY_UIApplicationSupportsIndirectInputEvents[sdk=iphonesimulator*]" = YES;
				"INFOPLIST_KEY_UILaunchScreen_Generation[sdk=iphoneos*]" = YES;
				"INFOPLIST_KEY_UILaunchScreen_Generation[sdk=iphonesimulator*]" = YES;
				"INFOPLIST_KEY_UIStatusBarStyle[sdk=iphoneos*]" = UIStatusBarStyleDefault;
				"INFOPLIST_KEY_UIStatusBarStyle[sdk=iphonesimulator*]" = UIStatusBarStyleDefault;
				INFOPLIST_KEY_UISupportedInterfaceOrientations_iPad = "UIInterfaceOrientationPortrait UIInterfaceOrientationPortraitUpsideDown UIInterfaceOrientationLandscapeLeft UIInterfaceOrientationLandscapeRight";
				INFOPLIST_KEY_UISupportedInterfaceOrientations_iPhone = "UIInterfaceOrientationPortrait UIInterfaceOrientationLandscapeLeft UIInterfaceOrientationLandscapeRight";
				IPHONEOS_DEPLOYMENT_TARGET = 17.0;
				LD_RUNPATH_SEARCH_PATHS = "@executable_path/Frameworks";
				"LD_RUNPATH_SEARCH_PATHS[sdk=macosx*]" = "@executable_path/../Frameworks";
				MACOSX_DEPLOYMENT_TARGET = 14.0;
				MARKETING_VERSION = 1.0;
				PRODUCT_BUNDLE_IDENTIFIER = "com.example.Flower-iOS";
				PRODUCT_NAME = "$(TARGET_NAME)";
				SDKROOT = auto;
				SUPPORTED_PLATFORMS = "iphoneos iphonesimulator macosx";
				SWIFT_EMIT_LOC_STRINGS = YES;
				SWIFT_VERSION = 5.0;
				TARGETED_DEVICE_FAMILY = "1,2";
			};
			name = Debug;
		};
		43B4148B2C47C40700860FAA /* Release */ = {
			isa = XCBuildConfiguration;
			buildSettings = {
				ASSETCATALOG_COMPILER_APPICON_NAME = AppIcon;
				ASSETCATALOG_COMPILER_GLOBAL_ACCENT_COLOR_NAME = AccentColor;
				CODE_SIGN_ENTITLEMENTS = "Flower-iOS/Flower_iOS.entitlements";
				CODE_SIGN_STYLE = Automatic;
				CURRENT_PROJECT_VERSION = 1;
				DEVELOPMENT_ASSET_PATHS = "\"Flower-iOS/Preview Content\"";
				ENABLE_PREVIEWS = YES;
				GENERATE_INFOPLIST_FILE = YES;
				INFOPLIST_FILE = "Flower-iOS/Info.plist";
				"INFOPLIST_KEY_UIApplicationSceneManifest_Generation[sdk=iphoneos*]" = YES;
				"INFOPLIST_KEY_UIApplicationSceneManifest_Generation[sdk=iphonesimulator*]" = YES;
				"INFOPLIST_KEY_UIApplicationSupportsIndirectInputEvents[sdk=iphoneos*]" = YES;
				"INFOPLIST_KEY_UIApplicationSupportsIndirectInputEvents[sdk=iphonesimulator*]" = YES;
				"INFOPLIST_KEY_UILaunchScreen_Generation[sdk=iphoneos*]" = YES;
				"INFOPLIST_KEY_UILaunchScreen_Generation[sdk=iphonesimulator*]" = YES;
				"INFOPLIST_KEY_UIStatusBarStyle[sdk=iphoneos*]" = UIStatusBarStyleDefault;
				"INFOPLIST_KEY_UIStatusBarStyle[sdk=iphonesimulator*]" = UIStatusBarStyleDefault;
				INFOPLIST_KEY_UISupportedInterfaceOrientations_iPad = "UIInterfaceOrientationPortrait UIInterfaceOrientationPortraitUpsideDown UIInterfaceOrientationLandscapeLeft UIInterfaceOrientationLandscapeRight";
				INFOPLIST_KEY_UISupportedInterfaceOrientations_iPhone = "UIInterfaceOrientationPortrait UIInterfaceOrientationLandscapeLeft UIInterfaceOrientationLandscapeRight";
				IPHONEOS_DEPLOYMENT_TARGET = 17.0;
				LD_RUNPATH_SEARCH_PATHS = "@executable_path/Frameworks";
				"LD_RUNPATH_SEARCH_PATHS[sdk=macosx*]" = "@executable_path/../Frameworks";
				MACOSX_DEPLOYMENT_TARGET = 14.0;
				MARKETING_VERSION = 1.0;
				PRODUCT_BUNDLE_IDENTIFIER = "com.example.Flower-iOS";
				PRODUCT_NAME = "$(TARGET_NAME)";
				SDKROOT = auto;
				SUPPORTED_PLATFORMS = "iphoneos iphonesimulator macosx";
				SWIFT_EMIT_LOC_STRINGS = YES;
				SWIFT_VERSION = 5.0;
				TARGETED_DEVICE_FAMILY = "1,2";
			};
			name = Release;
		};
		43B4148D2C47C40700860FAA /* Debug */ = {
			isa = XCBuildConfiguration;
			buildSettings = {
				ALWAYS_EMBED_SWIFT_STANDARD_LIBRARIES = YES;
				BUNDLE_LOADER = "$(TEST_HOST)";
				CODE_SIGN_STYLE = Automatic;
				CURRENT_PROJECT_VERSION = 1;
				GENERATE_INFOPLIST_FILE = YES;
				IPHONEOS_DEPLOYMENT_TARGET = 17.0;
				MACOSX_DEPLOYMENT_TARGET = 14.0;
				MARKETING_VERSION = 1.0;
				PRODUCT_BUNDLE_IDENTIFIER = "com.example.Flower-iOSTests";
				PRODUCT_NAME = "$(TARGET_NAME)";
				SDKROOT = auto;
				SUPPORTED_PLATFORMS = "iphoneos iphonesimulator macosx";
				SWIFT_EMIT_LOC_STRINGS = NO;
				SWIFT_VERSION = 5.0;
				TARGETED_DEVICE_FAMILY = "1,2";
				TEST_HOST = "$(BUILT_PRODUCTS_DIR)/Flower-iOS.app/$(BUNDLE_EXECUTABLE_FOLDER_PATH)/Flower-iOS";
			};
			name = Debug;
		};
		43B4148E2C47C40700860FAA /* Release */ = {
			isa = XCBuildConfiguration;
			buildSettings = {
				ALWAYS_EMBED_SWIFT_STANDARD_LIBRARIES = YES;
				BUNDLE_LOADER = "$(TEST_HOST)";
				CODE_SIGN_STYLE = Automatic;
				CURRENT_PROJECT_VERSION = 1;
				GENERATE_INFOPLIST_FILE = YES;
				IPHONEOS_DEPLOYMENT_TARGET = 17.0;
				MACOSX_DEPLOYMENT_TARGET = 14.0;
				MARKETING_VERSION = 1.0;
				PRODUCT_BUNDLE_IDENTIFIER = "com.example.Flower-iOSTests";
				PRODUCT_NAME = "$(TARGET_NAME)";
				SDKROOT = auto;
				SUPPORTED_PLATFORMS = "iphoneos iphonesimulator macosx";
				SWIFT_EMIT_LOC_STRINGS = NO;
				SWIFT_VERSION = 5.0;
				TARGETED_DEVICE_FAMILY = "1,2";
				TEST_HOST = "$(BUILT_PRODUCTS_DIR)/Flower-iOS.app/$(BUNDLE_EXECUTABLE_FOLDER_PATH)/Flower-iOS";
			};
			name = Release;
		};
		43B414902C47C40700860FAA /* Debug */ = {
			isa = XCBuildConfiguration;
			buildSettings = {
				ALWAYS_EMBED_SWIFT_STANDARD_LIBRARIES = YES;
				CODE_SIGN_STYLE = Automatic;
				CURRENT_PROJECT_VERSION = 1;
				GENERATE_INFOPLIST_FILE = YES;
				IPHONEOS_DEPLOYMENT_TARGET = 17.0;
				MACOSX_DEPLOYMENT_TARGET = 14.0;
				MARKETING_VERSION = 1.0;
				PRODUCT_BUNDLE_IDENTIFIER = "com.example.Flower-iOSUITests";
				PRODUCT_NAME = "$(TARGET_NAME)";
				SDKROOT = auto;
				SUPPORTED_PLATFORMS = "iphoneos iphonesimulator macosx";
				SWIFT_EMIT_LOC_STRINGS = NO;
				SWIFT_VERSION = 5.0;
				TARGETED_DEVICE_FAMILY = "1,2";
				TEST_TARGET_NAME = "Flower-iOS";
			};
			name = Debug;
		};
		43B414912C47C40700860FAA /* Release */ = {
			isa = XCBuildConfiguration;
			buildSettings = {
				ALWAYS_EMBED_SWIFT_STANDARD_LIBRARIES = YES;
				CODE_SIGN_STYLE = Automatic;
				CURRENT_PROJECT_VERSION = 1;
				GENERATE_INFOPLIST_FILE = YES;
				IPHONEOS_DEPLOYMENT_TARGET = 17.0;
				MACOSX_DEPLOYMENT_TARGET = 14.0;
				MARKETING_VERSION = 1.0;
				PRODUCT_BUNDLE_IDENTIFIER = "com.example.Flower-iOSUITests";
				PRODUCT_NAME = "$(TARGET_NAME)";
				SDKROOT = auto;
				SUPPORTED_PLATFORMS = "iphoneos iphonesimulator macosx";
				SWIFT_EMIT_LOC_STRINGS = NO;
				SWIFT_VERSION = 5.0;
				TARGETED_DEVICE_FAMILY = "1,2";
				TEST_TARGET_NAME = "Flower-iOS";
			};
			name = Release;
		};
/* End XCBuildConfiguration section */

/* Begin XCConfigurationList section */
		43B4145F2C47C40700860FAA /* Build configuration list for PBXProject "Flower-iOS" */ = {
			isa = XCConfigurationList;
			buildConfigurations = (
				43B414872C47C40700860FAA /* Debug */,
				43B414882C47C40700860FAA /* Release */,
			);
			defaultConfigurationIsVisible = 0;
			defaultConfigurationName = Release;
		};
		43B414892C47C40700860FAA /* Build configuration list for PBXNativeTarget "Flower-iOS" */ = {
			isa = XCConfigurationList;
			buildConfigurations = (
				43B4148A2C47C40700860FAA /* Debug */,
				43B4148B2C47C40700860FAA /* Release */,
			);
			defaultConfigurationIsVisible = 0;
			defaultConfigurationName = Release;
		};
		43B4148C2C47C40700860FAA /* Build configuration list for PBXNativeTarget "Flower-iOSTests" */ = {
			isa = XCConfigurationList;
			buildConfigurations = (
				43B4148D2C47C40700860FAA /* Debug */,
				43B4148E2C47C40700860FAA /* Release */,
			);
			defaultConfigurationIsVisible = 0;
			defaultConfigurationName = Release;
		};
		43B4148F2C47C40700860FAA /* Build configuration list for PBXNativeTarget "Flower-iOSUITests" */ = {
			isa = XCConfigurationList;
			buildConfigurations = (
				43B414902C47C40700860FAA /* Debug */,
				43B414912C47C40700860FAA /* Release */,
			);
			defaultConfigurationIsVisible = 0;
			defaultConfigurationName = Release;
		};
/* End XCConfigurationList section */

/* Begin XCRemoteSwiftPackageReference section */
		43BE535B2C47CD9200118B9A /* XCRemoteSwiftPackageReference "FlowKit" */ = {
			isa = XCRemoteSwiftPackageReference;
			repositoryURL = "https://github.com/Mercen-Lee/FlowKit.git";
			requirement = {
				branch = main;
				kind = branch;
			};
		};
/* End XCRemoteSwiftPackageReference section */

/* Begin XCSwiftPackageProductDependency section */
		43BE535C2C47CD9200118B9A /* FlowKit */ = {
			isa = XCSwiftPackageProductDependency;
			package = 43BE535B2C47CD9200118B9A /* XCRemoteSwiftPackageReference "FlowKit" */;
			productName = FlowKit;
		};
/* End XCSwiftPackageProductDependency section */
	};
	rootObject = 43B4145C2C47C40700860FAA /* Project object */;
}
